
Microsoft Visual Studio Solution File, Format Version 12.00
# Visual Studio Version 17
VisualStudioVersion = 17.5.33627.172
MinimumVisualStudioVersion = 10.0.40219.1
Project("{FAE04EC0-301F-11D3-BF4B-00C04F79EFBC}") = "Ejercicio Button.Android", "Ejercicio Button\Ejercicio Button.Android\Ejercicio Button.Android.csproj", "{443E8007-46D7-40F9-BCDA-2C1C89D38D05}"
EndProject
Project("{FAE04EC0-301F-11D3-BF4B-00C04F79EFBC}") = "Ejercicio Button.iOS", "Ejercicio Button\Ejercicio Button.iOS\Ejercicio Button.iOS.csproj", "{E7A477CF-0E92-4142-91E2-D85FF974104B}"
EndProject
Project("{FAE04EC0-301F-11D3-BF4B-00C04F79EFBC}") = "Ejercicio Button", "Ejercicio Button\Ejercicio Button\Ejercicio Button.csproj", "{7B471D5F-DD5E-4669-BD86-8EA9956F5C5F}"
EndProject
Global
	GlobalSection(SolutionConfigurationPlatforms) = preSolution
		Debug|Any CPU = Debug|Any CPU
		Debug|iPhone = Debug|iPhone
		Debug|iPhoneSimulator = Debug|iPhoneSimulator
		Release|Any CPU = Release|Any CPU
		Release|iPhone = Release|iPhone
		Release|iPhoneSimulator = Release|iPhoneSimulator
	EndGlobalSection
	GlobalSection(ProjectConfigurationPlatforms) = postSolution
		{443E8007-46D7-40F9-BCDA-2C1C89D38D05}.Debug|Any CPU.ActiveCfg = Debug|Any CPU
		{443E8007-46D7-40F9-BCDA-2C1C89D38D05}.Debug|Any CPU.Build.0 = Debug|Any CPU
		{443E8007-46D7-40F9-BCDA-2C1C89D38D05}.Debug|Any CPU.Deploy.0 = Debug|Any CPU
		{443E8007-46D7-40F9-BCDA-2C1C89D38D05}.Debug|iPhone.ActiveCfg = Debug|Any CPU
		{443E8007-46D7-40F9-BCDA-2C1C89D38D05}.Debug|iPhone.Build.0 = Debug|Any CPU
		{443E8007-46D7-40F9-BCDA-2C1C89D38D05}.Debug|iPhone.Deploy.0 = Debug|Any CPU
		{443E8007-46D7-40F9-BCDA-2C1C89D38D05}.Debug|iPhoneSimulator.ActiveCfg = Debug|Any CPU
		{443E8007-46D7-40F9-BCDA-2C1C89D38D05}.Debug|iPhoneSimulator.Build.0 = Debug|Any CPU
		{443E8007-46D7-40F9-BCDA-2C1C89D38D05}.Debug|iPhoneSimulator.Deploy.0 = Debug|Any CPU
		{443E8007-46D7-40F9-BCDA-2C1C89D38D05}.Release|Any CPU.ActiveCfg = Release|Any CPU
		{443E8007-46D7-40F9-BCDA-2C1C89D38D05}.Release|Any CPU.Build.0 = Release|Any CPU
		{443E8007-46D7-40F9-BCDA-2C1C89D38D05}.Release|Any CPU.Deploy.0 = Release|Any CPU
		{443E8007-46D7-40F9-BCDA-2C1C89D38D05}.Release|iPhone.ActiveCfg = Release|Any CPU
		{443E8007-46D7-40F9-BCDA-2C1C89D38D05}.Release|iPhone.Build.0 = Release|Any CPU
		{443E8007-46D7-40F9-BCDA-2C1C89D38D05}.Release|iPhone.Deploy.0 = Release|Any CPU
		{443E8007-46D7-40F9-BCDA-2C1C89D38D05}.Release|iPhoneSimulator.ActiveCfg = Release|Any CPU
		{443E8007-46D7-40F9-BCDA-2C1C89D38D05}.Release|iPhoneSimulator.Build.0 = Release|Any CPU
		{443E8007-46D7-40F9-BCDA-2C1C89D38D05}.Release|iPhoneSimulator.Deploy.0 = Release|Any CPU
		{E7A477CF-0E92-4142-91E2-D85FF974104B}.Debug|Any CPU.ActiveCfg = Debug|iPhone
		{E7A477CF-0E92-4142-91E2-D85FF974104B}.Debug|Any CPU.Build.0 = Debug|iPhone
		{E7A477CF-0E92-4142-91E2-D85FF974104B}.Debug|Any CPU.Deploy.0 = Debug|iPhone
		{E7A477CF-0E92-4142-91E2-D85FF974104B}.Debug|iPhone.ActiveCfg = Debug|iPhone
		{E7A477CF-0E92-4142-91E2-D85FF974104B}.Debug|iPhone.Build.0 = Debug|iPhone
		{E7A477CF-0E92-4142-91E2-D85FF974104B}.Debug|iPhone.Deploy.0 = Debug|iPhone
		{E7A477CF-0E92-4142-91E2-D85FF974104B}.Debug|iPhoneSimulator.ActiveCfg = Debug|iPhoneSimulator
		{E7A477CF-0E92-4142-91E2-D85FF974104B}.Debug|iPhoneSimulator.Build.0 = Debug|iPhoneSimulator
		{E7A477CF-0E92-4142-91E2-D85FF974104B}.Debug|iPhoneSimulator.Deploy.0 = Debug|iPhoneSimulator
		{E7A477CF-0E92-4142-91E2-D85FF974104B}.Release|Any CPU.ActiveCfg = Release|iPhoneSimulator
		{E7A477CF-0E92-4142-91E2-D85FF974104B}.Release|Any CPU.Build.0 = Release|iPhoneSimulator
		{E7A477CF-0E92-4142-91E2-D85FF974104B}.Release|Any CPU.Deploy.0 = Release|iPhoneSimulator
		{E7A477CF-0E92-4142-91E2-D85FF974104B}.Release|iPhone.ActiveCfg = Release|iPhone
		{E7A477CF-0E92-4142-91E2-D85FF974104B}.Release|iPhone.Build.0 = Release|iPhone
		{E7A477CF-0E92-4142-91E2-D85FF974104B}.Release|iPhone.Deploy.0 = Release|iPhone
		{E7A477CF-0E92-4142-91E2-D85FF974104B}.Release|iPhoneSimulator.ActiveCfg = Release|iPhoneSimulator
		{E7A477CF-0E92-4142-91E2-D85FF974104B}.Release|iPhoneSimulator.Build.0 = Release|iPhoneSimulator
		{E7A477CF-0E92-4142-91E2-D85FF974104B}.Release|iPhoneSimulator.Deploy.0 = Release|iPhoneSimulator
		{7B471D5F-DD5E-4669-BD86-8EA9956F5C5F}.Debug|Any CPU.ActiveCfg = Debug|Any CPU
		{7B471D5F-DD5E-4669-BD86-8EA9956F5C5F}.Debug|Any CPU.Build.0 = Debug|Any CPU
		{7B471D5F-DD5E-4669-BD86-8EA9956F5C5F}.Debug|Any CPU.Deploy.0 = Debug|Any CPU
		{7B471D5F-DD5E-4669-BD86-8EA9956F5C5F}.Debug|iPhone.ActiveCfg = Debug|Any CPU
		{7B471D5F-DD5E-4669-BD86-8EA9956F5C5F}.Debug|iPhone.Build.0 = Debug|Any CPU
		{7B471D5F-DD5E-4669-BD86-8EA9956F5C5F}.Debug|iPhone.Deploy.0 = Debug|Any CPU
		{7B471D5F-DD5E-4669-BD86-8EA9956F5C5F}.Debug|iPhoneSimulator.ActiveCfg = Debug|Any CPU
		{7B471D5F-DD5E-4669-BD86-8EA9956F5C5F}.Debug|iPhoneSimulator.Build.0 = Debug|Any CPU
		{7B471D5F-DD5E-4669-BD86-8EA9956F5C5F}.Debug|iPhoneSimulator.Deploy.0 = Debug|Any CPU
		{7B471D5F-DD5E-4669-BD86-8EA9956F5C5F}.Release|Any CPU.ActiveCfg = Release|Any CPU
		{7B471D5F-DD5E-4669-BD86-8EA9956F5C5F}.Release|Any CPU.Build.0 = Release|Any CPU
		{7B471D5F-DD5E-4669-BD86-8EA9956F5C5F}.Release|Any CPU.Deploy.0 = Release|Any CPU
		{7B471D5F-DD5E-4669-BD86-8EA9956F5C5F}.Release|iPhone.ActiveCfg = Release|Any CPU
		{7B471D5F-DD5E-4669-BD86-8EA9956F5C5F}.Release|iPhone.Build.0 = Release|Any CPU
		{7B471D5F-DD5E-4669-BD86-8EA9956F5C5F}.Release|iPhone.Deploy.0 = Release|Any CPU
		{7B471D5F-DD5E-4669-BD86-8EA9956F5C5F}.Release|iPhoneSimulator.ActiveCfg = Release|Any CPU
		{7B471D5F-DD5E-4669-BD86-8EA9956F5C5F}.Release|iPhoneSimulator.Build.0 = Release|Any CPU
		{7B471D5F-DD5E-4669-BD86-8EA9956F5C5F}.Release|iPhoneSimulator.Deploy.0 = Release|Any CPU
	EndGlobalSection
	GlobalSection(SolutionProperties) = preSolution
		HideSolutionNode = FALSE
	EndGlobalSection
	GlobalSection(ExtensibilityGlobals) = postSolution
		SolutionGuid = {1A4A7B2D-4397-4C33-A11F-30A76D7441B0}
	EndGlobalSection
EndGlobal
